// !$*UTF8*$!
{
	archiveVersion = 1;
	classes = {
	};
	objectVersion = 46;
	objects = {

/* Begin PBXBuildFile section */
		000625511909523D00104D5B /* Cocoa.framework in Frameworks */ = {isa = PBXBuildFile; fileRef = 000625501909523D00104D5B /* Cocoa.framework */; };
		0006255B1909523D00104D5B /* InfoPlist.strings in Resources */ = {isa = PBXBuildFile; fileRef = 000625591909523D00104D5B /* InfoPlist.strings */; };
		0006255D1909523D00104D5B /* main.m in Sources */ = {isa = PBXBuildFile; fileRef = 0006255C1909523D00104D5B /* main.m */; };
		000625611909523E00104D5B /* Credits.rtf in Resources */ = {isa = PBXBuildFile; fileRef = 0006255F1909523E00104D5B /* Credits.rtf */; };
		000625641909523E00104D5B /* AppDelegate.m in Sources */ = {isa = PBXBuildFile; fileRef = 000625631909523E00104D5B /* AppDelegate.m */; };
		000625671909523E00104D5B /* MainMenu.xib in Resources */ = {isa = PBXBuildFile; fileRef = 000625651909523E00104D5B /* MainMenu.xib */; };
		000625691909523E00104D5B /* Images.xcassets in Resources */ = {isa = PBXBuildFile; fileRef = 000625681909523E00104D5B /* Images.xcassets */; };
		000625701909523E00104D5B /* XCTest.framework in Frameworks */ = {isa = PBXBuildFile; fileRef = 0006256F1909523E00104D5B /* XCTest.framework */; };
		000625711909523E00104D5B /* Cocoa.framework in Frameworks */ = {isa = PBXBuildFile; fileRef = 000625501909523D00104D5B /* Cocoa.framework */; };
		000625791909523E00104D5B /* InfoPlist.strings in Resources */ = {isa = PBXBuildFile; fileRef = 000625771909523E00104D5B /* InfoPlist.strings */; };
		0006257B1909523E00104D5B /* DBColumnMappingTests.m in Sources */ = {isa = PBXBuildFile; fileRef = 0006257A1909523E00104D5B /* DBColumnMappingTests.m */; };
		0006259C190957AF00104D5B /* FMDatabase+InMemoryOnDiskIO.m in Sources */ = {isa = PBXBuildFile; fileRef = 00062587190957AF00104D5B /* FMDatabase+InMemoryOnDiskIO.m */; };
		0006259D190957AF00104D5B /* FMSQLStatementSplitter.m in Sources */ = {isa = PBXBuildFile; fileRef = 0006258A190957AF00104D5B /* FMSQLStatementSplitter.m */; };
		0006259E190957AF00104D5B /* FMStatementKeywordRecogniser.m in Sources */ = {isa = PBXBuildFile; fileRef = 0006258C190957AF00104D5B /* FMStatementKeywordRecogniser.m */; };
		0006259F190957AF00104D5B /* FMStatementQuotedRecogniser.m in Sources */ = {isa = PBXBuildFile; fileRef = 0006258E190957AF00104D5B /* FMStatementQuotedRecogniser.m */; };
		000625A0190957AF00104D5B /* FMDatabase.m in Sources */ = {isa = PBXBuildFile; fileRef = 00062592190957AF00104D5B /* FMDatabase.m */; };
		000625A1190957AF00104D5B /* FMDatabaseAdditions.m in Sources */ = {isa = PBXBuildFile; fileRef = 00062594190957AF00104D5B /* FMDatabaseAdditions.m */; };
		000625A2190957AF00104D5B /* FMDatabasePool.m in Sources */ = {isa = PBXBuildFile; fileRef = 00062596190957AF00104D5B /* FMDatabasePool.m */; };
		000625A3190957AF00104D5B /* FMDatabaseQueue.m in Sources */ = {isa = PBXBuildFile; fileRef = 00062598190957AF00104D5B /* FMDatabaseQueue.m */; };
		000625A4190957AF00104D5B /* FMResultSet.m in Sources */ = {isa = PBXBuildFile; fileRef = 0006259B190957AF00104D5B /* FMResultSet.m */; };
		000625A8190957BC00104D5B /* DBUtil.m in Sources */ = {isa = PBXBuildFile; fileRef = 000625A7190957BC00104D5B /* DBUtil.m */; };
		000625AA190958E300104D5B /* libsqlite3.dylib in Frameworks */ = {isa = PBXBuildFile; fileRef = 000625A9190958E300104D5B /* libsqlite3.dylib */; };
/* End PBXBuildFile section */

/* Begin PBXContainerItemProxy section */
		000625721909523E00104D5B /* PBXContainerItemProxy */ = {
			isa = PBXContainerItemProxy;
			containerPortal = 000625451909523D00104D5B /* Project object */;
			proxyType = 1;
			remoteGlobalIDString = 0006254C1909523D00104D5B;
			remoteInfo = DBColumnMapping;
		};
/* End PBXContainerItemProxy section */

/* Begin PBXFileReference section */
		0006254D1909523D00104D5B /* DBColumnMapping.app */ = {isa = PBXFileReference; explicitFileType = wrapper.application; includeInIndex = 0; path = DBColumnMapping.app; sourceTree = BUILT_PRODUCTS_DIR; };
		000625501909523D00104D5B /* Cocoa.framework */ = {isa = PBXFileReference; lastKnownFileType = wrapper.framework; name = Cocoa.framework; path = System/Library/Frameworks/Cocoa.framework; sourceTree = SDKROOT; };
		000625531909523D00104D5B /* AppKit.framework */ = {isa = PBXFileReference; lastKnownFileType = wrapper.framework; name = AppKit.framework; path = System/Library/Frameworks/AppKit.framework; sourceTree = SDKROOT; };
		000625541909523D00104D5B /* CoreData.framework */ = {isa = PBXFileReference; lastKnownFileType = wrapper.framework; name = CoreData.framework; path = System/Library/Frameworks/CoreData.framework; sourceTree = SDKROOT; };
		000625551909523D00104D5B /* Foundation.framework */ = {isa = PBXFileReference; lastKnownFileType = wrapper.framework; name = Foundation.framework; path = System/Library/Frameworks/Foundation.framework; sourceTree = SDKROOT; };
		000625581909523D00104D5B /* DBColumnMapping-Info.plist */ = {isa = PBXFileReference; lastKnownFileType = text.plist.xml; path = "DBColumnMapping-Info.plist"; sourceTree = "<group>"; };
		0006255A1909523D00104D5B /* en */ = {isa = PBXFileReference; lastKnownFileType = text.plist.strings; name = en; path = en.lproj/InfoPlist.strings; sourceTree = "<group>"; };
		0006255C1909523D00104D5B /* main.m */ = {isa = PBXFileReference; lastKnownFileType = sourcecode.c.objc; path = main.m; sourceTree = "<group>"; };
		0006255E1909523D00104D5B /* DBColumnMapping-Prefix.pch */ = {isa = PBXFileReference; lastKnownFileType = sourcecode.c.h; path = "DBColumnMapping-Prefix.pch"; sourceTree = "<group>"; };
		000625601909523E00104D5B /* en */ = {isa = PBXFileReference; lastKnownFileType = text.rtf; name = en; path = en.lproj/Credits.rtf; sourceTree = "<group>"; };
		000625621909523E00104D5B /* AppDelegate.h */ = {isa = PBXFileReference; lastKnownFileType = sourcecode.c.h; path = AppDelegate.h; sourceTree = "<group>"; };
		000625631909523E00104D5B /* AppDelegate.m */ = {isa = PBXFileReference; lastKnownFileType = sourcecode.c.objc; path = AppDelegate.m; sourceTree = "<group>"; };
		000625661909523E00104D5B /* Base */ = {isa = PBXFileReference; lastKnownFileType = file.xib; name = Base; path = Base.lproj/MainMenu.xib; sourceTree = "<group>"; };
		000625681909523E00104D5B /* Images.xcassets */ = {isa = PBXFileReference; lastKnownFileType = folder.assetcatalog; path = Images.xcassets; sourceTree = "<group>"; };
		0006256E1909523E00104D5B /* DBColumnMappingTests.xctest */ = {isa = PBXFileReference; explicitFileType = wrapper.cfbundle; includeInIndex = 0; path = DBColumnMappingTests.xctest; sourceTree = BUILT_PRODUCTS_DIR; };
		0006256F1909523E00104D5B /* XCTest.framework */ = {isa = PBXFileReference; lastKnownFileType = wrapper.framework; name = XCTest.framework; path = Library/Frameworks/XCTest.framework; sourceTree = DEVELOPER_DIR; };
		000625761909523E00104D5B /* DBColumnMappingTests-Info.plist */ = {isa = PBXFileReference; lastKnownFileType = text.plist.xml; path = "DBColumnMappingTests-Info.plist"; sourceTree = "<group>"; };
		000625781909523E00104D5B /* en */ = {isa = PBXFileReference; lastKnownFileType = text.plist.strings; name = en; path = en.lproj/InfoPlist.strings; sourceTree = "<group>"; };
		0006257A1909523E00104D5B /* DBColumnMappingTests.m */ = {isa = PBXFileReference; lastKnownFileType = sourcecode.c.objc; path = DBColumnMappingTests.m; sourceTree = "<group>"; };
		00062586190957AF00104D5B /* FMDatabase+InMemoryOnDiskIO.h */ = {isa = PBXFileReference; fileEncoding = 4; lastKnownFileType = sourcecode.c.h; path = "FMDatabase+InMemoryOnDiskIO.h"; sourceTree = "<group>"; };
		00062587190957AF00104D5B /* FMDatabase+InMemoryOnDiskIO.m */ = {isa = PBXFileReference; fileEncoding = 4; lastKnownFileType = sourcecode.c.objc; path = "FMDatabase+InMemoryOnDiskIO.m"; sourceTree = "<group>"; };
		00062589190957AF00104D5B /* FMSQLStatementSplitter.h */ = {isa = PBXFileReference; fileEncoding = 4; lastKnownFileType = sourcecode.c.h; path = FMSQLStatementSplitter.h; sourceTree = "<group>"; };
		0006258A190957AF00104D5B /* FMSQLStatementSplitter.m */ = {isa = PBXFileReference; fileEncoding = 4; lastKnownFileType = sourcecode.c.objc; path = FMSQLStatementSplitter.m; sourceTree = "<group>"; };
		0006258B190957AF00104D5B /* FMStatementKeywordRecogniser.h */ = {isa = PBXFileReference; fileEncoding = 4; lastKnownFileType = sourcecode.c.h; path = FMStatementKeywordRecogniser.h; sourceTree = "<group>"; };
		0006258C190957AF00104D5B /* FMStatementKeywordRecogniser.m */ = {isa = PBXFileReference; fileEncoding = 4; lastKnownFileType = sourcecode.c.objc; path = FMStatementKeywordRecogniser.m; sourceTree = "<group>"; };
		0006258D190957AF00104D5B /* FMStatementQuotedRecogniser.h */ = {isa = PBXFileReference; fileEncoding = 4; lastKnownFileType = sourcecode.c.h; path = FMStatementQuotedRecogniser.h; sourceTree = "<group>"; };
		0006258E190957AF00104D5B /* FMStatementQuotedRecogniser.m */ = {isa = PBXFileReference; fileEncoding = 4; lastKnownFileType = sourcecode.c.objc; path = FMStatementQuotedRecogniser.m; sourceTree = "<group>"; };
		0006258F190957AF00104D5B /* FMStatementTokenRecogniser.h */ = {isa = PBXFileReference; fileEncoding = 4; lastKnownFileType = sourcecode.c.h; path = FMStatementTokenRecogniser.h; sourceTree = "<group>"; };
		00062591190957AF00104D5B /* FMDatabase.h */ = {isa = PBXFileReference; fileEncoding = 4; lastKnownFileType = sourcecode.c.h; path = FMDatabase.h; sourceTree = "<group>"; };
		00062592190957AF00104D5B /* FMDatabase.m */ = {isa = PBXFileReference; fileEncoding = 4; lastKnownFileType = sourcecode.c.objc; path = FMDatabase.m; sourceTree = "<group>"; };
		00062593190957AF00104D5B /* FMDatabaseAdditions.h */ = {isa = PBXFileReference; fileEncoding = 4; lastKnownFileType = sourcecode.c.h; path = FMDatabaseAdditions.h; sourceTree = "<group>"; };
		00062594190957AF00104D5B /* FMDatabaseAdditions.m */ = {isa = PBXFileReference; fileEncoding = 4; lastKnownFileType = sourcecode.c.objc; path = FMDatabaseAdditions.m; sourceTree = "<group>"; };
		00062595190957AF00104D5B /* FMDatabasePool.h */ = {isa = PBXFileReference; fileEncoding = 4; lastKnownFileType = sourcecode.c.h; path = FMDatabasePool.h; sourceTree = "<group>"; };
		00062596190957AF00104D5B /* FMDatabasePool.m */ = {isa = PBXFileReference; fileEncoding = 4; lastKnownFileType = sourcecode.c.objc; path = FMDatabasePool.m; sourceTree = "<group>"; };
		00062597190957AF00104D5B /* FMDatabaseQueue.h */ = {isa = PBXFileReference; fileEncoding = 4; lastKnownFileType = sourcecode.c.h; path = FMDatabaseQueue.h; sourceTree = "<group>"; };
		00062598190957AF00104D5B /* FMDatabaseQueue.m */ = {isa = PBXFileReference; fileEncoding = 4; lastKnownFileType = sourcecode.c.objc; path = FMDatabaseQueue.m; sourceTree = "<group>"; };
		00062599190957AF00104D5B /* FMDB.h */ = {isa = PBXFileReference; fileEncoding = 4; lastKnownFileType = sourcecode.c.h; path = FMDB.h; sourceTree = "<group>"; };
		0006259A190957AF00104D5B /* FMResultSet.h */ = {isa = PBXFileReference; fileEncoding = 4; lastKnownFileType = sourcecode.c.h; path = FMResultSet.h; sourceTree = "<group>"; };
		0006259B190957AF00104D5B /* FMResultSet.m */ = {isa = PBXFileReference; fileEncoding = 4; lastKnownFileType = sourcecode.c.objc; path = FMResultSet.m; sourceTree = "<group>"; };
		000625A6190957BC00104D5B /* DBUtil.h */ = {isa = PBXFileReference; fileEncoding = 4; lastKnownFileType = sourcecode.c.h; path = DBUtil.h; sourceTree = "<group>"; };
		000625A7190957BC00104D5B /* DBUtil.m */ = {isa = PBXFileReference; fileEncoding = 4; lastKnownFileType = sourcecode.c.objc; path = DBUtil.m; sourceTree = "<group>"; };
		000625A9190958E300104D5B /* libsqlite3.dylib */ = {isa = PBXFileReference; lastKnownFileType = "compiled.mach-o.dylib"; name = libsqlite3.dylib; path = usr/lib/libsqlite3.dylib; sourceTree = SDKROOT; };
		000625AB1909641E00104D5B /* DBLogDelegate.h */ = {isa = PBXFileReference; fileEncoding = 4; lastKnownFileType = sourcecode.c.h; path = DBLogDelegate.h; sourceTree = "<group>"; };
/* End PBXFileReference section */

/* Begin PBXFrameworksBuildPhase section */
		0006254A1909523D00104D5B /* Frameworks */ = {
			isa = PBXFrameworksBuildPhase;
			buildActionMask = 2147483647;
			files = (
				000625AA190958E300104D5B /* libsqlite3.dylib in Frameworks */,
				000625511909523D00104D5B /* Cocoa.framework in Frameworks */,
			);
			runOnlyForDeploymentPostprocessing = 0;
		};
		0006256B1909523E00104D5B /* Frameworks */ = {
			isa = PBXFrameworksBuildPhase;
			buildActionMask = 2147483647;
			files = (
				000625711909523E00104D5B /* Cocoa.framework in Frameworks */,
				000625701909523E00104D5B /* XCTest.framework in Frameworks */,
			);
			runOnlyForDeploymentPostprocessing = 0;
		};
/* End PBXFrameworksBuildPhase section */

/* Begin PBXGroup section */
		000625441909523D00104D5B = {
			isa = PBXGroup;
			children = (
				000625A5190957BC00104D5B /* src */,
				00062584190957AF00104D5B /* FMDBFramework */,
				000625561909523D00104D5B /* DBColumnMapping */,
				000625741909523E00104D5B /* DBColumnMappingTests */,
				0006254F1909523D00104D5B /* Frameworks */,
				0006254E1909523D00104D5B /* Products */,
			);
			sourceTree = "<group>";
		};
		0006254E1909523D00104D5B /* Products */ = {
			isa = PBXGroup;
			children = (
				0006254D1909523D00104D5B /* DBColumnMapping.app */,
				0006256E1909523E00104D5B /* DBColumnMappingTests.xctest */,
			);
			name = Products;
			sourceTree = "<group>";
		};
		0006254F1909523D00104D5B /* Frameworks */ = {
			isa = PBXGroup;
			children = (
				000625A9190958E300104D5B /* libsqlite3.dylib */,
				000625501909523D00104D5B /* Cocoa.framework */,
				0006256F1909523E00104D5B /* XCTest.framework */,
				000625521909523D00104D5B /* Other Frameworks */,
			);
			name = Frameworks;
			sourceTree = "<group>";
		};
		000625521909523D00104D5B /* Other Frameworks */ = {
			isa = PBXGroup;
			children = (
				000625531909523D00104D5B /* AppKit.framework */,
				000625541909523D00104D5B /* CoreData.framework */,
				000625551909523D00104D5B /* Foundation.framework */,
			);
			name = "Other Frameworks";
			sourceTree = "<group>";
		};
		000625561909523D00104D5B /* DBColumnMapping */ = {
			isa = PBXGroup;
			children = (
				000625621909523E00104D5B /* AppDelegate.h */,
				000625631909523E00104D5B /* AppDelegate.m */,
				000625651909523E00104D5B /* MainMenu.xib */,
				000625681909523E00104D5B /* Images.xcassets */,
				000625571909523D00104D5B /* Supporting Files */,
			);
			path = DBColumnMapping;
			sourceTree = "<group>";
		};
		000625571909523D00104D5B /* Supporting Files */ = {
			isa = PBXGroup;
			children = (
				000625581909523D00104D5B /* DBColumnMapping-Info.plist */,
				000625591909523D00104D5B /* InfoPlist.strings */,
				0006255C1909523D00104D5B /* main.m */,
				0006255E1909523D00104D5B /* DBColumnMapping-Prefix.pch */,
				0006255F1909523E00104D5B /* Credits.rtf */,
			);
			name = "Supporting Files";
			sourceTree = "<group>";
		};
		000625741909523E00104D5B /* DBColumnMappingTests */ = {
			isa = PBXGroup;
			children = (
				0006257A1909523E00104D5B /* DBColumnMappingTests.m */,
				000625751909523E00104D5B /* Supporting Files */,
			);
			path = DBColumnMappingTests;
			sourceTree = "<group>";
		};
		000625751909523E00104D5B /* Supporting Files */ = {
			isa = PBXGroup;
			children = (
				000625761909523E00104D5B /* DBColumnMappingTests-Info.plist */,
				000625771909523E00104D5B /* InfoPlist.strings */,
			);
			name = "Supporting Files";
			sourceTree = "<group>";
		};
		00062584190957AF00104D5B /* FMDBFramework */ = {
			isa = PBXGroup;
			children = (
				00062585190957AF00104D5B /* extra */,
				00062590190957AF00104D5B /* fmdbsrc */,
			);
			name = FMDBFramework;
			path = DBColumnMapping/FMDBFramework;
			sourceTree = "<group>";
		};
		00062585190957AF00104D5B /* extra */ = {
			isa = PBXGroup;
			children = (
				00062586190957AF00104D5B /* FMDatabase+InMemoryOnDiskIO.h */,
				00062587190957AF00104D5B /* FMDatabase+InMemoryOnDiskIO.m */,
				00062588190957AF00104D5B /* FMStatementSplitter */,
			);
			path = extra;
			sourceTree = "<group>";
		};
		00062588190957AF00104D5B /* FMStatementSplitter */ = {
			isa = PBXGroup;
			children = (
				00062589190957AF00104D5B /* FMSQLStatementSplitter.h */,
				0006258A190957AF00104D5B /* FMSQLStatementSplitter.m */,
				0006258B190957AF00104D5B /* FMStatementKeywordRecogniser.h */,
				0006258C190957AF00104D5B /* FMStatementKeywordRecogniser.m */,
				0006258D190957AF00104D5B /* FMStatementQuotedRecogniser.h */,
				0006258E190957AF00104D5B /* FMStatementQuotedRecogniser.m */,
				0006258F190957AF00104D5B /* FMStatementTokenRecogniser.h */,
			);
			path = FMStatementSplitter;
			sourceTree = "<group>";
		};
		00062590190957AF00104D5B /* fmdbsrc */ = {
			isa = PBXGroup;
			children = (
				00062591190957AF00104D5B /* FMDatabase.h */,
				00062592190957AF00104D5B /* FMDatabase.m */,
				00062593190957AF00104D5B /* FMDatabaseAdditions.h */,
				00062594190957AF00104D5B /* FMDatabaseAdditions.m */,
				00062595190957AF00104D5B /* FMDatabasePool.h */,
				00062596190957AF00104D5B /* FMDatabasePool.m */,
				00062597190957AF00104D5B /* FMDatabaseQueue.h */,
				00062598190957AF00104D5B /* FMDatabaseQueue.m */,
				00062599190957AF00104D5B /* FMDB.h */,
				0006259A190957AF00104D5B /* FMResultSet.h */,
				0006259B190957AF00104D5B /* FMResultSet.m */,
			);
			path = fmdbsrc;
			sourceTree = "<group>";
		};
		000625A5190957BC00104D5B /* src */ = {
			isa = PBXGroup;
			children = (
				000625A6190957BC00104D5B /* DBUtil.h */,
				000625A7190957BC00104D5B /* DBUtil.m */,
				000625AB1909641E00104D5B /* DBLogDelegate.h */,
			);
			name = src;
			path = DBColumnMapping/src;
			sourceTree = "<group>";
		};
/* End PBXGroup section */

/* Begin PBXNativeTarget section */
		0006254C1909523D00104D5B /* DBColumnMapping */ = {
			isa = PBXNativeTarget;
			buildConfigurationList = 0006257E1909523E00104D5B /* Build configuration list for PBXNativeTarget "DBColumnMapping" */;
			buildPhases = (
				000625491909523D00104D5B /* Sources */,
				0006254A1909523D00104D5B /* Frameworks */,
				0006254B1909523D00104D5B /* Resources */,
			);
			buildRules = (
			);
			dependencies = (
			);
			name = DBColumnMapping;
			productName = DBColumnMapping;
			productReference = 0006254D1909523D00104D5B /* DBColumnMapping.app */;
			productType = "com.apple.product-type.application";
		};
		0006256D1909523E00104D5B /* DBColumnMappingTests */ = {
			isa = PBXNativeTarget;
			buildConfigurationList = 000625811909523E00104D5B /* Build configuration list for PBXNativeTarget "DBColumnMappingTests" */;
			buildPhases = (
				0006256A1909523E00104D5B /* Sources */,
				0006256B1909523E00104D5B /* Frameworks */,
				0006256C1909523E00104D5B /* Resources */,
			);
			buildRules = (
			);
			dependencies = (
				000625731909523E00104D5B /* PBXTargetDependency */,
			);
			name = DBColumnMappingTests;
			productName = DBColumnMappingTests;
			productReference = 0006256E1909523E00104D5B /* DBColumnMappingTests.xctest */;
			productType = "com.apple.product-type.bundle.unit-test";
		};
/* End PBXNativeTarget section */

/* Begin PBXProject section */
		000625451909523D00104D5B /* Project object */ = {
			isa = PBXProject;
			attributes = {
				LastUpgradeCheck = 0510;
				ORGANIZATIONNAME = "Black Pearl Info Tech";
				TargetAttributes = {
					0006256D1909523E00104D5B = {
						TestTargetID = 0006254C1909523D00104D5B;
					};
				};
			};
			buildConfigurationList = 000625481909523D00104D5B /* Build configuration list for PBXProject "DBColumnMapping" */;
			compatibilityVersion = "Xcode 3.2";
			developmentRegion = English;
			hasScannedForEncodings = 0;
			knownRegions = (
				en,
				Base,
			);
			mainGroup = 000625441909523D00104D5B;
			productRefGroup = 0006254E1909523D00104D5B /* Products */;
			projectDirPath = "";
			projectRoot = "";
			targets = (
				0006254C1909523D00104D5B /* DBColumnMapping */,
				0006256D1909523E00104D5B /* DBColumnMappingTests */,
			);
		};
/* End PBXProject section */

/* Begin PBXResourcesBuildPhase section */
		0006254B1909523D00104D5B /* Resources */ = {
			isa = PBXResourcesBuildPhase;
			buildActionMask = 2147483647;
			files = (
				0006255B1909523D00104D5B /* InfoPlist.strings in Resources */,
				000625691909523E00104D5B /* Images.xcassets in Resources */,
				000625611909523E00104D5B /* Credits.rtf in Resources */,
				000625671909523E00104D5B /* MainMenu.xib in Resources */,
			);
			runOnlyForDeploymentPostprocessing = 0;
		};
		0006256C1909523E00104D5B /* Resources */ = {
			isa = PBXResourcesBuildPhase;
			buildActionMask = 2147483647;
			files = (
				000625791909523E00104D5B /* InfoPlist.strings in Resources */,
			);
			runOnlyForDeploymentPostprocessing = 0;
		};
/* End PBXResourcesBuildPhase section */

/* Begin PBXSourcesBuildPhase section */
		000625491909523D00104D5B /* Sources */ = {
			isa = PBXSourcesBuildPhase;
			buildActionMask = 2147483647;
			files = (
				000625641909523E00104D5B /* AppDelegate.m in Sources */,
				0006255D1909523D00104D5B /* main.m in Sources */,
				0006259D190957AF00104D5B /* FMSQLStatementSplitter.m in Sources */,
				000625A0190957AF00104D5B /* FMDatabase.m in Sources */,
				000625A2190957AF00104D5B /* FMDatabasePool.m in Sources */,
				000625A3190957AF00104D5B /* FMDatabaseQueue.m in Sources */,
				0006259F190957AF00104D5B /* FMStatementQuotedRecogniser.m in Sources */,
				0006259C190957AF00104D5B /* FMDatabase+InMemoryOnDiskIO.m in Sources */,
				000625A4190957AF00104D5B /* FMResultSet.m in Sources */,
				0006259E190957AF00104D5B /* FMStatementKeywordRecogniser.m in Sources */,
				000625A1190957AF00104D5B /* FMDatabaseAdditions.m in Sources */,
				000625A8190957BC00104D5B /* DBUtil.m in Sources */,
			);
			runOnlyForDeploymentPostprocessing = 0;
		};
		0006256A1909523E00104D5B /* Sources */ = {
			isa = PBXSourcesBuildPhase;
			buildActionMask = 2147483647;
			files = (
				0006257B1909523E00104D5B /* DBColumnMappingTests.m in Sources */,
			);
			runOnlyForDeploymentPostprocessing = 0;
		};
/* End PBXSourcesBuildPhase section */

/* Begin PBXTargetDependency section */
		000625731909523E00104D5B /* PBXTargetDependency */ = {
			isa = PBXTargetDependency;
			target = 0006254C1909523D00104D5B /* DBColumnMapping */;
			targetProxy = 000625721909523E00104D5B /* PBXContainerItemProxy */;
		};
/* End PBXTargetDependency section */

/* Begin PBXVariantGroup section */
		000625591909523D00104D5B /* InfoPlist.strings */ = {
			isa = PBXVariantGroup;
			children = (
				0006255A1909523D00104D5B /* en */,
			);
			name = InfoPlist.strings;
			sourceTree = "<group>";
		};
		0006255F1909523E00104D5B /* Credits.rtf */ = {
			isa = PBXVariantGroup;
			children = (
				000625601909523E00104D5B /* en */,
			);
			name = Credits.rtf;
			sourceTree = "<group>";
		};
		000625651909523E00104D5B /* MainMenu.xib */ = {
			isa = PBXVariantGroup;
			children = (
				000625661909523E00104D5B /* Base */,
			);
			name = MainMenu.xib;
			sourceTree = "<group>";
		};
		000625771909523E00104D5B /* InfoPlist.strings */ = {
			isa = PBXVariantGroup;
			children = (
				000625781909523E00104D5B /* en */,
			);
			name = InfoPlist.strings;
			sourceTree = "<group>";
		};
/* End PBXVariantGroup section */

/* Begin XCBuildConfiguration section */
		0006257C1909523E00104D5B /* Debug */ = {
			isa = XCBuildConfiguration;
			buildSettings = {
				ALWAYS_SEARCH_USER_PATHS = NO;
				CLANG_CXX_LANGUAGE_STANDARD = "gnu++0x";
				CLANG_CXX_LIBRARY = "libc++";
				CLANG_ENABLE_MODULES = YES;
				CLANG_ENABLE_OBJC_ARC = YES;
				CLANG_WARN_BOOL_CONVERSION = YES;
				CLANG_WARN_CONSTANT_CONVERSION = YES;
				CLANG_WARN_DIRECT_OBJC_ISA_USAGE = YES_ERROR;
				CLANG_WARN_EMPTY_BODY = YES;
				CLANG_WARN_ENUM_CONVERSION = YES;
				CLANG_WARN_INT_CONVERSION = YES;
				CLANG_WARN_OBJC_ROOT_CLASS = YES_ERROR;
				CLANG_WARN__DUPLICATE_METHOD_MATCH = YES;
				COPY_PHASE_STRIP = NO;
				GCC_C_LANGUAGE_STANDARD = gnu99;
				GCC_DYNAMIC_NO_PIC = NO;
				GCC_ENABLE_OBJC_EXCEPTIONS = YES;
				GCC_OPTIMIZATION_LEVEL = 0;
				GCC_PREPROCESSOR_DEFINITIONS = (
					"DEBUG=1",
					"$(inherited)",
				);
				GCC_SYMBOLS_PRIVATE_EXTERN = NO;
				GCC_WARN_64_TO_32_BIT_CONVERSION = YES;
				GCC_WARN_ABOUT_RETURN_TYPE = YES_ERROR;
				GCC_WARN_UNDECLARED_SELECTOR = YES;
				GCC_WARN_UNINITIALIZED_AUTOS = YES_AGGRESSIVE;
				GCC_WARN_UNUSED_FUNCTION = YES;
				GCC_WARN_UNUSED_VARIABLE = YES;
				MACOSX_DEPLOYMENT_TARGET = 10.9;
				ONLY_ACTIVE_ARCH = YES;
				SDKROOT = macosx;
			};
			name = Debug;
		};
		0006257D1909523E00104D5B /* Release */ = {
			isa = XCBuildConfiguration;
			buildSettings = {
				ALWAYS_SEARCH_USER_PATHS = NO;
				CLANG_CXX_LANGUAGE_STANDARD = "gnu++0x";
				CLANG_CXX_LIBRARY = "libc++";
				CLANG_ENABLE_MODULES = YES;
				CLANG_ENABLE_OBJC_ARC = YES;
				CLANG_WARN_BOOL_CONVERSION = YES;
				CLANG_WARN_CONSTANT_CONVERSION = YES;
				CLANG_WARN_DIRECT_OBJC_ISA_USAGE = YES_ERROR;
				CLANG_WARN_EMPTY_BODY = YES;
				CLANG_WARN_ENUM_CONVERSION = YES;
				CLANG_WARN_INT_CONVERSION = YES;
				CLANG_WARN_OBJC_ROOT_CLASS = YES_ERROR;
				CLANG_WARN__DUPLICATE_METHOD_MATCH = YES;
				COPY_PHASE_STRIP = YES;
				DEBUG_INFORMATION_FORMAT = "dwarf-with-dsym";
				ENABLE_NS_ASSERTIONS = NO;
				GCC_C_LANGUAGE_STANDARD = gnu99;
				GCC_ENABLE_OBJC_EXCEPTIONS = YES;
				GCC_WARN_64_TO_32_BIT_CONVERSION = YES;
				GCC_WARN_ABOUT_RETURN_TYPE = YES_ERROR;
				GCC_WARN_UNDECLARED_SELECTOR = YES;
				GCC_WARN_UNINITIALIZED_AUTOS = YES_AGGRESSIVE;
				GCC_WARN_UNUSED_FUNCTION = YES;
				GCC_WARN_UNUSED_VARIABLE = YES;
				MACOSX_DEPLOYMENT_TARGET = 10.9;
				SDKROOT = macosx;
			};
			name = Release;
		};
		0006257F1909523E00104D5B /* Debug */ = {
			isa = XCBuildConfiguration;
			buildSettings = {
				ASSETCATALOG_COMPILER_APPICON_NAME = AppIcon;
				COMBINE_HIDPI_IMAGES = YES;
				GCC_PRECOMPILE_PREFIX_HEADER = YES;
				GCC_PREFIX_HEADER = "DBColumnMapping/DBColumnMapping-Prefix.pch";
				INFOPLIST_FILE = "DBColumnMapping/DBColumnMapping-Info.plist";
				PRODUCT_NAME = "$(TARGET_NAME)";
				WRAPPER_EXTENSION = app;
			};
			name = Debug;
		};
		000625801909523E00104D5B /* Release */ = {
			isa = XCBuildConfiguration;
			buildSettings = {
				ASSETCATALOG_COMPILER_APPICON_NAME = AppIcon;
				COMBINE_HIDPI_IMAGES = YES;
				GCC_PRECOMPILE_PREFIX_HEADER = YES;
				GCC_PREFIX_HEADER = "DBColumnMapping/DBColumnMapping-Prefix.pch";
				INFOPLIST_FILE = "DBColumnMapping/DBColumnMapping-Info.plist";
				PRODUCT_NAME = "$(TARGET_NAME)";
				WRAPPER_EXTENSION = app;
			};
			name = Release;
		};
		000625821909523E00104D5B /* Debug */ = {
			isa = XCBuildConfiguration;
			buildSettings = {
				BUNDLE_LOADER = "$(BUILT_PRODUCTS_DIR)/DBColumnMapping.app/Contents/MacOS/DBColumnMapping";
				COMBINE_HIDPI_IMAGES = YES;
				FRAMEWORK_SEARCH_PATHS = (
					"$(DEVELOPER_FRAMEWORKS_DIR)",
					"$(inherited)",
				);
				GCC_PRECOMPILE_PREFIX_HEADER = YES;
				GCC_PREFIX_HEADER = "DBColumnMapping/DBColumnMapping-Prefix.pch";
				GCC_PREPROCESSOR_DEFINITIONS = (
					"DEBUG=1",
					"$(inherited)",
				);
				INFOPLIST_FILE = "DBColumnMappingTests/DBColumnMappingTests-Info.plist";
				PRODUCT_NAME = "$(TARGET_NAME)";
				TEST_HOST = "$(BUNDLE_LOADER)";
				WRAPPER_EXTENSION = xctest;
			};
			name = Debug;
		};
		000625831909523E00104D5B /* Release */ = {
			isa = XCBuildConfiguration;
			buildSettings = {
				BUNDLE_LOADER = "$(BUILT_PRODUCTS_DIR)/DBColumnMapping.app/Contents/MacOS/DBColumnMapping";
				COMBINE_HIDPI_IMAGES = YES;
				FRAMEWORK_SEARCH_PATHS = (
					"$(DEVELOPER_FRAMEWORKS_DIR)",
					"$(inherited)",
				);
				GCC_PRECOMPILE_PREFIX_HEADER = YES;
				GCC_PREFIX_HEADER = "DBColumnMapping/DBColumnMapping-Prefix.pch";
				INFOPLIST_FILE = "DBColumnMappingTests/DBColumnMappingTests-Info.plist";
				PRODUCT_NAME = "$(TARGET_NAME)";
				TEST_HOST = "$(BUNDLE_LOADER)";
				WRAPPER_EXTENSION = xctest;
			};
			name = Release;
		};
/* End XCBuildConfiguration section */

/* Begin XCConfigurationList section */
		000625481909523D00104D5B /* Build configuration list for PBXProject "DBColumnMapping" */ = {
			isa = XCConfigurationList;
			buildConfigurations = (
				0006257C1909523E00104D5B /* Debug */,
				0006257D1909523E00104D5B /* Release */,
			);
			defaultConfigurationIsVisible = 0;
			defaultConfigurationName = Release;
		};
		0006257E1909523E00104D5B /* Build configuration list for PBXNativeTarget "DBColumnMapping" */ = {
			isa = XCConfigurationList;
			buildConfigurations = (
				0006257F1909523E00104D5B /* Debug */,
				000625801909523E00104D5B /* Release */,
			);
			defaultConfigurationIsVisible = 0;
		};
		000625811909523E00104D5B /* Build configuration list for PBXNativeTarget "DBColumnMappingTests" */ = {
			isa = XCConfigurationList;
			buildConfigurations = (
				000625821909523E00104D5B /* Debug */,
				000625831909523E00104D5B /* Release */,
			);
			defaultConfigurationIsVisible = 0;
		};
/* End XCConfigurationList section */
	};
	rootObject = 000625451909523D00104D5B /* Project object */;
}
